PODS:
  - MarvelApiWrapper (0.1.0)
  - Nimble (7.3.4)
  - Quick (1.2.0)
  - SwiftyJSON (5.0.0)

DEPENDENCIES:
  - MarvelApiWrapper (from `../`)
  - Nimble (~> 7.0)
  - Quick (~> 1.2.0)
  - SwiftyJSON

SPEC REPOS:
  trunk:
    - Nimble
    - Quick
    - SwiftyJSON

EXTERNAL SOURCES:
  MarvelApiWrapper:
    :path: "../"

SPEC CHECKSUMS:
  MarvelApiWrapper: 4c2e2d283ea0ffcf37c0495f73b975b9fb3d45a7
  Nimble: 051e3d8912d40138fa5591c78594f95fb172af37
  Quick: 58d203b1c5e27fff7229c4c1ae445ad7069a7a08
  SwiftyJSON: 36413e04c44ee145039d332b4f4e2d3e8d6c4db7

PODFILE CHECKSUM: 630c2ed3363cad0f72fe14ad72daadcc6e2b795c

COCOAPODS: 1.8.4
